
Microsoft Visual Studio Solution File, Format Version 12.00
# Visual Studio Version 17
VisualStudioVersion = 17.5.33502.453
MinimumVisualStudioVersion = 10.0.40219.1
Project("{FAE04EC0-301F-11D3-BF4B-00C04F79EFBC}") = "FarmPro", "FarmPro\FarmPro.csproj", "{52E47DC1-A62A-4440-9E94-0696A6106E23}"
EndProject
Global
	GlobalSection(SolutionConfigurationPlatforms) = preSolution
		Debug|Any CPU = Debug|Any CPU
		Release|Any CPU = Release|Any CPU
	EndGlobalSection
	GlobalSection(ProjectConfigurationPlatforms) = postSolution
		{52E47DC1-A62A-4440-9E94-0696A6106E23}.Debug|Any CPU.ActiveCfg = Debug|Any CPU
		{52E47DC1-A62A-4440-9E94-0696A6106E23}.Debug|Any CPU.Build.0 = Debug|Any CPU
		{52E47DC1-A62A-4440-9E94-0696A6106E23}.Release|Any CPU.ActiveCfg = Release|Any CPU
		{52E47DC1-A62A-4440-9E94-0696A6106E23}.Release|Any CPU.Build.0 = Release|Any CPU
	EndGlobalSection
	GlobalSection(SolutionProperties) = preSolution
		HideSolutionNode = FALSE
	EndGlobalSection
	GlobalSection(ExtensibilityGlobals) = postSolution
		SolutionGuid = {DF3E8C7A-4B5F-40AA-8102-6BAE009735D5}
	EndGlobalSection
EndGlobal
